
Microsoft Visual Studio Solution File, Format Version 12.00
# Visual Studio 15
VisualStudioVersion = 15.0.26621.2
MinimumVisualStudioVersion = 10.0.40219.1
Project("{FAE04EC0-301F-11D3-BF4B-00C04F79EFBC}") = "Samurai.Data", "Samurai.Data\Samurai.Data.csproj", "{320D5389-DC98-440D-AFEF-54C82C1FE618}"
EndProject
Project("{FAE04EC0-301F-11D3-BF4B-00C04F79EFBC}") = "Samurai.Domain", "Samurai.Domain\Samurai.Domain.csproj", "{C96ED55F-0EB6-4888-956D-84CF592ED1B4}"
EndProject
Global
	GlobalSection(SolutionConfigurationPlatforms) = preSolution
		Debug|Any CPU = Debug|Any CPU
		Release|Any CPU = Release|Any CPU
	EndGlobalSection
	GlobalSection(ProjectConfigurationPlatforms) = postSolution
		{320D5389-DC98-440D-AFEF-54C82C1FE618}.Debug|Any CPU.ActiveCfg = Debug|Any CPU
		{320D5389-DC98-440D-AFEF-54C82C1FE618}.Debug|Any CPU.Build.0 = Debug|Any CPU
		{320D5389-DC98-440D-AFEF-54C82C1FE618}.Release|Any CPU.ActiveCfg = Release|Any CPU
		{320D5389-DC98-440D-AFEF-54C82C1FE618}.Release|Any CPU.Build.0 = Release|Any CPU
		{C96ED55F-0EB6-4888-956D-84CF592ED1B4}.Debug|Any CPU.ActiveCfg = Debug|Any CPU
		{C96ED55F-0EB6-4888-956D-84CF592ED1B4}.Debug|Any CPU.Build.0 = Debug|Any CPU
		{C96ED55F-0EB6-4888-956D-84CF592ED1B4}.Release|Any CPU.ActiveCfg = Release|Any CPU
		{C96ED55F-0EB6-4888-956D-84CF592ED1B4}.Release|Any CPU.Build.0 = Release|Any CPU
	EndGlobalSection
	GlobalSection(SolutionProperties) = preSolution
		HideSolutionNode = FALSE
	EndGlobalSection
	GlobalSection(ExtensibilityGlobals) = postSolution
		SolutionGuid = {617736CF-831D-4A8E-AA71-1C4BEEB33294}
	EndGlobalSection
EndGlobal
